{
  "lockfileVersion": 1,
  "dependencies": {
    "commander": {
      "version": "2.11.0",
      "resolved": "https://registry.npmjs.org/commander/-/commander-2.11.0.tgz",
      "integrity": "sha1-FXFS/R56bI2YpbcVzzdt+SgARWM="
    },
    "source-map": {
      "version": "0.5.7",
      "resolved": "https://registry.npmjs.org/source-map/-/source-map-0.5.7.tgz",
      "integrity": "sha1-igOdLRAh0i0eoUyA2OpGi6LvP8w="
    },
    "uglify-js": {
      "version": "3.0.28",
      "resolved": "https://registry.npmjs.org/uglify-js/-/uglify-js-3.0.28.tgz",
      "integrity": "sha1-lrhJXwJylEeHtYQ6FnmqMmZA1fc="
    }
  }
}
