{
  "dependencies": {
    "commander": {
      "version": "2.11.0",
      "resolved": "https://registry.npmjs.org/commander/-/commander-2.11.0.tgz",
      "from": "commander@https://registry.npmjs.org/commander/-/commander-2.11.0.tgz"
    },
    "source-map": {
      "version": "0.5.6",
      "resolved": "https://registry.npmjs.org/source-map/-/source-map-0.5.6.tgz",
      "from": "source-map@https://registry.npmjs.org/source-map/-/source-map-0.5.6.tgz"
    },
    "uglify-es": {
      "version": "3.0.27",
      "resolved": "https://registry.npmjs.org/uglify-es/-/uglify-es-3.0.27.tgz",
      "from": "uglify-es@https://registry.npmjs.org/uglify-es/-/uglify-es-3.0.27.tgz"
    }
  }
}
